
Microsoft Visual Studio Solution File, Format Version 12.00
# Visual Studio Version 17
VisualStudioVersion = 17.0.32112.339
MinimumVisualStudioVersion = 10.0.40219.1
Project("{FAE04EC0-301F-11D3-BF4B-00C04F79EFBC}") = "CSharpAPIServer", "CSharpAPIServer.csproj", "{6BBDBF9C-57DE-47E0-9765-BDD911A7805E}"
EndProject
Global
	GlobalSection(SolutionConfigurationPlatforms) = preSolution
		Debug|Any CPU = Debug|Any CPU
		Release|Any CPU = Release|Any CPU
	EndGlobalSection
	GlobalSection(ProjectConfigurationPlatforms) = postSolution
		{6BBDBF9C-57DE-47E0-9765-BDD911A7805E}.Debug|Any CPU.ActiveCfg = Debug|Any CPU
		{6BBDBF9C-57DE-47E0-9765-BDD911A7805E}.Debug|Any CPU.Build.0 = Debug|Any CPU
		{6BBDBF9C-57DE-47E0-9765-BDD911A7805E}.Release|Any CPU.ActiveCfg = Release|Any CPU
		{6BBDBF9C-57DE-47E0-9765-BDD911A7805E}.Release|Any CPU.Build.0 = Release|Any CPU
	EndGlobalSection
	GlobalSection(SolutionProperties) = preSolution
		HideSolutionNode = FALSE
	EndGlobalSection
	GlobalSection(ExtensibilityGlobals) = postSolution
		SolutionGuid = {FA64C10F-6DEE-478F-83E8-318F53C4F36C}
	EndGlobalSection
EndGlobal
